<?xml version="1.0" encoding="utf-8"?>
<Project ToolsVersion="4.0" xmlns="http://schemas.microsoft.com/developer/msbuild/2003">
  <ItemGroup>
    <ClCompile Include="vismtv_inbuilt_renderergpudx.cpp" />
    <ClCompile Include="renderer\RendererHeader.cpp">
      <Filter>renderer</Filter>
    </ClCompile>
    <ClCompile Include="gpu manager\gpures_helper.cpp">
      <Filter>gpu manager</Filter>
    </ClCompile>
    <ClCompile Include="renderer\VolumeRenderer.cpp">
      <Filter>renderer</Filter>
    </ClCompile>
    <ClCompile Include="SSRenderer.cpp">
      <Filter>renderer</Filter>
    </ClCompile>
    <ClCompile Include="CurvedSlicerVR.cpp">
      <Filter>renderer</Filter>
    </ClCompile>
    <ClCompile Include="SlicerSR.cpp">
      <Filter>renderer</Filter>
    </ClCompile>
    <ClCompile Include="renderer\PrimitiveRenderer.cpp">
      <Filter>renderer</Filter>
    </ClCompile>
    <ClCompile Include="gpu manager\gpures_interface.cpp">
      <Filter>gpu manager</Filter>
    </ClCompile>
    <ClCompile Include="gpu manager\gpulib.cpp">
      <Filter>gpu manager</Filter>
    </ClCompile>
    <ClCompile Include="VolumeRenderer_CUSTOM1.cpp">
      <Filter>renderer</Filter>
    </ClCompile>
    <ClCompile Include="VolumeRenderer_CUSTOM2.cpp">
      <Filter>renderer</Filter>
    </ClCompile>
    <ClCompile Include="gpu manager\BVHUpdate.cpp">
      <Filter>gpu manager</Filter>
    </ClCompile>
    <ClCompile Include="meshpainter\UnwrapUVs.cpp">
      <Filter>meshpainter</Filter>
    </ClCompile>
    <ClCompile Include="meshpainter\MeshPainter.cpp">
      <Filter>meshpainter</Filter>
    </ClCompile>
    <ClCompile Include="meshpainter\FeedbackTexture.cpp">
      <Filter>meshpainter</Filter>
    </ClCompile>
    <ClCompile Include="meshpainter\Dilator.cpp">
      <Filter>meshpainter</Filter>
    </ClCompile>
    <ClCompile Include="meshpainter\PaintResourceManager.cpp">
      <Filter>meshpainter</Filter>
    </ClCompile>
  </ItemGroup>
  <ItemGroup>
    <ClInclude Include="resource.h">
      <Filter>resources</Filter>
    </ClInclude>
    <ClInclude Include="vismtv_inbuilt_renderergpudx.h" />
    <ClInclude Include="renderer\RendererHeader.h">
      <Filter>renderer</Filter>
    </ClInclude>
    <ClInclude Include="renderer\Sampler.h">
      <Filter>renderer</Filter>
    </ClInclude>
    <ClInclude Include="gpu manager\gpures_helper.h">
      <Filter>gpu manager</Filter>
    </ClInclude>
    <ClInclude Include="gpu manager\gpures_interface.h">
      <Filter>gpu manager</Filter>
    </ClInclude>
    <ClInclude Include="gpu_common_res.h" />
    <ClInclude Include="hlsl\particle\ParticleInterop.hlsli">
      <Filter>hlsl source code\Particle</Filter>
    </ClInclude>
    <ClInclude Include="gpu manager\gpulib.h">
      <Filter>gpu manager</Filter>
    </ClInclude>
    <ClInclude Include="vzm2\Backlog.h">
      <Filter>vzm2</Filter>
    </ClInclude>
    <ClInclude Include="vzm2\CommonInclude.h">
      <Filter>vzm2</Filter>
    </ClInclude>
    <ClInclude Include="vzm2\EventHandler.h">
      <Filter>vzm2</Filter>
    </ClInclude>
    <ClInclude Include="vzm2\Geometrics.h">
      <Filter>vzm2</Filter>
    </ClInclude>
    <ClInclude Include="vzm2\Helpers.h">
      <Filter>vzm2</Filter>
    </ClInclude>
    <ClInclude Include="vzm2\JobSystem.h">
      <Filter>vzm2</Filter>
    </ClInclude>
    <ClInclude Include="vzm2\Math.h">
      <Filter>vzm2</Filter>
    </ClInclude>
    <ClInclude Include="vzm2\Timer.h">
      <Filter>vzm2</Filter>
    </ClInclude>
    <ClInclude Include="hlsl\ShaderInterop_BVH.h">
      <Filter>hlsl source code</Filter>
    </ClInclude>
    <ClInclude Include="gpu manager\BVHUpdate.h">
      <Filter>gpu manager</Filter>
    </ClInclude>
    <ClInclude Include="meshpainter\UnwrapUVs.h">
      <Filter>meshpainter</Filter>
    </ClInclude>
    <ClInclude Include="meshpainter\MeshPainter.h">
      <Filter>meshpainter</Filter>
    </ClInclude>
    <ClInclude Include="meshpainter\FeedbackTexture.h">
      <Filter>meshpainter</Filter>
    </ClInclude>
    <ClInclude Include="meshpainter\Dilator.h">
      <Filter>meshpainter</Filter>
    </ClInclude>
    <ClInclude Include="meshpainter\PaintResourceManager.h">
      <Filter>meshpainter</Filter>
    </ClInclude>
  </ItemGroup>
  <ItemGroup>
    <None Include="hlsl\moment\ComplexAlgebra.hlsli">
      <Filter>hlsl source code\Moment</Filter>
    </None>
    <None Include="hlsl\moment\MomentMath.hlsli">
      <Filter>hlsl source code\Moment</Filter>
    </None>
    <None Include="hlsl\moment\MomentOIT.hlsli">
      <Filter>hlsl source code\Moment</Filter>
    </None>
    <None Include="ex_ShaderCompile.bat">
      <Filter>bat</Filter>
    </None>
    <None Include="hlsl\moment\TrigonometricMomentMath.hlsli">
      <Filter>hlsl source code\Moment</Filter>
    </None>
    <None Include="ShaderCompile_4_0.bat">
      <Filter>bat</Filter>
    </None>
    <None Include="ShaderCompile.bat">
      <Filter>bat</Filter>
    </None>
    <None Include="hlsl\Globals.hlsli">
      <Filter>hlsl source code</Filter>
    </None>
  </ItemGroup>
  <ItemGroup>
    <Filter Include="resources">
      <UniqueIdentifier>{d8402e17-d728-4204-8a1c-b2cad8627fcb}</UniqueIdentifier>
    </Filter>
    <Filter Include="renderer">
      <UniqueIdentifier>{16745e58-ebed-4795-9352-63f81aa6aec6}</UniqueIdentifier>
    </Filter>
    <Filter Include="gpu manager">
      <UniqueIdentifier>{3027d6e8-88c4-411c-a3dc-83750d779504}</UniqueIdentifier>
    </Filter>
    <Filter Include="bat">
      <UniqueIdentifier>{a59a4be1-fce7-4f35-96fc-ee08cd7491d0}</UniqueIdentifier>
    </Filter>
    <Filter Include="hlsl source code">
      <UniqueIdentifier>{e1d70379-9e94-4e4e-8bb4-34d60a3bbf22}</UniqueIdentifier>
    </Filter>
    <Filter Include="hlsl source code\Moment">
      <UniqueIdentifier>{3d60a282-de0d-4f81-971e-a82270d4889c}</UniqueIdentifier>
    </Filter>
    <Filter Include="hlsl source code\k buf">
      <UniqueIdentifier>{6b7e8c65-0712-4e0a-aa2c-33139f24a953}</UniqueIdentifier>
    </Filter>
    <Filter Include="hlsl source code\dvr">
      <UniqueIdentifier>{2fd27554-a32f-4802-b970-efc91079d1c3}</UniqueIdentifier>
    </Filter>
    <Filter Include="hlsl source code\ssao">
      <UniqueIdentifier>{5534595b-4923-44c9-81ef-e467aac3f473}</UniqueIdentifier>
    </Filter>
    <Filter Include="hlsl source code\DxABuf">
      <UniqueIdentifier>{63f19760-d12e-4893-b68c-56ff570b2542}</UniqueIdentifier>
    </Filter>
    <Filter Include="hlsl source code\layered DOF">
      <UniqueIdentifier>{9fddb088-05c7-45cb-a253-5151f777f821}</UniqueIdentifier>
    </Filter>
    <Filter Include="hlsl source code\shader4">
      <UniqueIdentifier>{6b6fc4a1-b178-4cb2-a58b-bb96d48d7619}</UniqueIdentifier>
    </Filter>
    <Filter Include="hlsl source code\Particle">
      <UniqueIdentifier>{2a3608ee-3797-4766-bf5d-4698ea5c9a7f}</UniqueIdentifier>
    </Filter>
    <Filter Include="hlsl source code\sort">
      <UniqueIdentifier>{d2e21266-2138-473d-873f-a249d19e431a}</UniqueIdentifier>
    </Filter>
    <Filter Include="hlsl source code\BVH">
      <UniqueIdentifier>{9a7219b5-2081-495e-878a-d20445208234}</UniqueIdentifier>
    </Filter>
    <Filter Include="vzm2">
      <UniqueIdentifier>{f83226b6-e3b9-490f-8ea3-082947b0f4dd}</UniqueIdentifier>
    </Filter>
    <Filter Include="meshpainter">
      <UniqueIdentifier>{4bb308c9-d959-4236-a082-b2e181256eee}</UniqueIdentifier>
    </Filter>
    <Filter Include="hlsl source code\meshpainter">
      <UniqueIdentifier>{e16f4a4e-9023-4a29-9067-cba132a4ad24}</UniqueIdentifier>
    </Filter>
  </ItemGroup>
  <ItemGroup>
    <ResourceCompile Include="vismtv_inbuilt_renderergpudx.rc">
      <Filter>resources</Filter>
    </ResourceCompile>
  </ItemGroup>
  <ItemGroup>
    <FxCompile Include="hlsl\kbuf\KbufResolve.hlsl">
      <Filter>hlsl source code\k buf</Filter>
    </FxCompile>
    <FxCompile Include="hlsl\Sr_Common.hlsl">
      <Filter>hlsl source code</Filter>
    </FxCompile>
    <FxCompile Include="hlsl\CommonShader.hlsl">
      <Filter>hlsl source code</Filter>
    </FxCompile>
    <FxCompile Include="hlsl\macros.hlsl">
      <Filter>hlsl source code</Filter>
    </FxCompile>
    <FxCompile Include="hlsl\kbuf\KplusB.hlsl">
      <Filter>hlsl source code\k buf</Filter>
    </FxCompile>
    <FxCompile Include="hlsl\ssao\SSAO.hlsl">
      <Filter>hlsl source code\ssao</Filter>
    </FxCompile>
    <FxCompile Include="hlsl\dvr\DvrCS.hlsl">
      <Filter>hlsl source code\dvr</Filter>
    </FxCompile>
    <FxCompile Include="hlsl\dx_abuf\DxABuf.hlsl">
      <Filter>hlsl source code\DxABuf</Filter>
    </FxCompile>
    <FxCompile Include="hlsl\dx_abuf\DxABuf_Sort.hlsl">
      <Filter>hlsl source code\DxABuf</Filter>
    </FxCompile>
    <FxCompile Include="hlsl\Matrix.hlsl">
      <Filter>hlsl source code</Filter>
    </FxCompile>
    <FxCompile Include="hlsl\layered DOF\SSDOF.hlsl">
      <Filter>hlsl source code\layered DOF</Filter>
    </FxCompile>
    <FxCompile Include="hlsl\kbuf\Sr_Kbuf.hlsl">
      <Filter>hlsl source code\k buf</Filter>
    </FxCompile>
    <FxCompile Include="hlsl\RayProcessing.hlsl">
      <Filter>hlsl source code</Filter>
    </FxCompile>
    <FxCompile Include="hlsl\dvr\DvrSampleTest.hlsl">
      <Filter>hlsl source code\dvr</Filter>
    </FxCompile>
    <FxCompile Include="hlsl\shader4\BasicShader.hlsl">
      <Filter>hlsl source code\shader4</Filter>
    </FxCompile>
    <FxCompile Include="hlsl\SecondLayerBlend.hlsl">
      <Filter>hlsl source code</Filter>
    </FxCompile>
    <FxCompile Include="hlsl\particle\BlobParticle.hlsl">
      <Filter>hlsl source code\Particle</Filter>
    </FxCompile>
    <FxCompile Include="hlsl\particle\Emitter.hlsl">
      <Filter>hlsl source code\Particle</Filter>
    </FxCompile>
    <FxCompile Include="hlsl\particle\ParticleRenderer.hlsl">
      <Filter>hlsl source code\Particle</Filter>
    </FxCompile>
    <FxCompile Include="hlsl\sort\Sort.hlsl">
      <Filter>hlsl source code\sort</Filter>
    </FxCompile>
    <FxCompile Include="hlsl\bvh\bvh_hierarchyCS.hlsl">
      <Filter>hlsl source code\BVH</Filter>
    </FxCompile>
    <FxCompile Include="hlsl\bvh\bvh_primitivesCS.hlsl">
      <Filter>hlsl source code\BVH</Filter>
    </FxCompile>
    <FxCompile Include="hlsl\bvh\bvh_propagateaabbCS.hlsl">
      <Filter>hlsl source code\BVH</Filter>
    </FxCompile>
    <FxCompile Include="hlsl\meshpainter\MeshPaintShader.hlsl">
      <Filter>hlsl source code\meshpainter</Filter>
    </FxCompile>
  </ItemGroup>
  <ItemGroup>
    <Text Include="DeprecatedShaders.txt">
      <Filter>bat</Filter>
    </Text>
  </ItemGroup>
</Project>