<?xml version="1.0" encoding="utf-8"?>
<Project ToolsVersion="4.0" xmlns="http://schemas.microsoft.com/developer/msbuild/2003">
  <ItemGroup>
    <Filter Include="GPU Manager">
      <UniqueIdentifier>{8232e8ff-5db9-4892-8171-53b691117e0e}</UniqueIdentifier>
    </Filter>
    <Filter Include="Resources">
      <UniqueIdentifier>{e5a20b06-519f-4437-a06f-ab7880d6ab67}</UniqueIdentifier>
    </Filter>
    <Filter Include="Renderer">
      <UniqueIdentifier>{a9bed1c4-a15e-4840-8d78-df2fe54a7ced}</UniqueIdentifier>
    </Filter>
    <Filter Include="HLSL OBJ SR">
      <UniqueIdentifier>{40c138ac-b78d-461f-b971-fa1366196f3d}</UniqueIdentifier>
    </Filter>
    <Filter Include="HLSL OBJ VR">
      <UniqueIdentifier>{5ef2f201-d47e-402b-ace6-00bd515289c8}</UniqueIdentifier>
    </Filter>
    <Filter Include="HLSL COMMON">
      <UniqueIdentifier>{6da14861-b59e-4089-a11f-e56032644bee}</UniqueIdentifier>
    </Filter>
    <Filter Include="HLSL SOURCE CODE">
      <UniqueIdentifier>{75efcf0b-62f5-4a98-830b-b33ca113c402}</UniqueIdentifier>
    </Filter>
    <Filter Include="HLSL EXP">
      <UniqueIdentifier>{4be45c6f-73d5-42fd-a80d-a0ce64e2311e}</UniqueIdentifier>
    </Filter>
  </ItemGroup>
  <ItemGroup>
    <ClCompile Include="VXDX11Interface.cpp">
      <Filter>GPU Manager</Filter>
    </ClCompile>
    <ClCompile Include="VXDX11VObjectGenerator.cpp">
      <Filter>GPU Manager</Filter>
    </ClCompile>
    <ClCompile Include="VS-GPUDX11VxControl.cpp" />
    <ClCompile Include="SR_Common.cpp">
      <Filter>Renderer</Filter>
    </ClCompile>
    <ClCompile Include="DVR_Common.cpp">
      <Filter>Renderer</Filter>
    </ClCompile>
    <ClCompile Include="VXDX11Helper.cpp" />
    <ClCompile Include="SR_Plane.cpp">
      <Filter>Renderer</Filter>
    </ClCompile>
  </ItemGroup>
  <ItemGroup>
    <ClInclude Include="VXDX11Interface.h">
      <Filter>GPU Manager</Filter>
    </ClInclude>
    <ClInclude Include="VXDX11VObjectGenerator.h">
      <Filter>GPU Manager</Filter>
    </ClInclude>
    <ClInclude Include="resource.h">
      <Filter>Resources</Filter>
    </ClInclude>
    <ClInclude Include="VXDX11Helper.h" />
    <ClInclude Include="VS-GPUDX11VxControl.h" />
    <ClInclude Include="RendererHeader.h">
      <Filter>Renderer</Filter>
    </ClInclude>
  </ItemGroup>
  <ItemGroup>
    <ResourceCompile Include="VS-GPUDX11VxRenderer.rc">
      <Filter>Resources</Filter>
    </ResourceCompile>
  </ItemGroup>
  <ItemGroup>
    <None Include="ShaderCommonHeader.hlsl">
      <Filter>HLSL SOURCE CODE</Filter>
    </None>
    <None Include="VRShader_Common.hlsl">
      <Filter>HLSL SOURCE CODE</Filter>
    </None>
    <None Include="SRShader_Common.hlsl">
      <Filter>HLSL SOURCE CODE</Filter>
    </None>
    <None Include="VRShader_Shadow.hlsl">
      <Filter>HLSL SOURCE CODE</Filter>
    </None>
    <None Include="ShaderCompile.bat" />
    <None Include="SR_VOLUME_DEVIATION_ps_4_0">
      <Filter>HLSL OBJ SR</Filter>
    </None>
    <None Include="SR_PHONG_GLOBALCOLOR_ps_4_0">
      <Filter>HLSL OBJ SR</Filter>
    </None>
    <None Include="SR_PHONG_TEX1COLOR_ps_4_0">
      <Filter>HLSL OBJ SR</Filter>
    </None>
    <None Include="SR_MAPPING_TEX1_ps_4_0">
      <Filter>HLSL OBJ SR</Filter>
    </None>
    <None Include="SR_PROJ_PNT_DEV_vs_4_0">
      <Filter>HLSL OBJ SR</Filter>
    </None>
    <None Include="SR_PROJ_PNT_vs_4_0">
      <Filter>HLSL OBJ SR</Filter>
    </None>
    <None Include="SR_PROJ_PT_vs_4_0">
      <Filter>HLSL OBJ SR</Filter>
    </None>
    <None Include="SR_PROJ_PN_vs_4_0">
      <Filter>HLSL OBJ SR</Filter>
    </None>
    <None Include="SR_PROJ_P_vs_4_0">
      <Filter>HLSL OBJ SR</Filter>
    </None>
    <None Include="SR_CMM_LINE_ps_4_0">
      <Filter>HLSL OBJ SR</Filter>
    </None>
    <None Include="SR_CMM_TEXT_ps_4_0">
      <Filter>HLSL OBJ SR</Filter>
    </None>
    <None Include="EXP_ShaderCompile2.bat" />
    <None Include="EXPCompile.bat" />
    <None Include="SR_VOLUME_SUPERIMPOSE_ps_4_0">
      <Filter>HLSL OBJ SR</Filter>
    </None>
    <None Include="EXP_ShaderCompile.bat" />
    <None Include="MergeAndSuperimpose.hlsl">
      <Filter>HLSL SOURCE CODE</Filter>
    </None>
    <None Include="DVR_BRICK_GEN_SHADOW_cs_4_0">
      <Filter>HLSL OBJ VR</Filter>
    </None>
    <None Include="DVR_BRICK_IND_CCF_SURFACEEFFECT_cs_4_0">
      <Filter>HLSL OBJ VR</Filter>
    </None>
    <None Include="DVR_BRICK_IND_DEFAULT_cs_4_0">
      <Filter>HLSL OBJ VR</Filter>
    </None>
    <None Include="DVR_BRICK_IND_SHADOW_cs_4_0">
      <Filter>HLSL OBJ VR</Filter>
    </None>
    <None Include="DVR_BRICK_IND_SURFACEEFFECT_cs_4_0">
      <Filter>HLSL OBJ VR</Filter>
    </None>
    <None Include="DVR_BRICK_IND_SURFACEEFFECT_SHADOW_cs_4_0">
      <Filter>HLSL OBJ VR</Filter>
    </None>
    <None Include="DVR_BRICK_MIX_DEFAULT_cs_4_0">
      <Filter>HLSL OBJ VR</Filter>
    </None>
    <None Include="DVR_BRICK_MIX_SHADOW_cs_4_0">
      <Filter>HLSL OBJ VR</Filter>
    </None>
    <None Include="DVR_VOLUME_GEN_SHADOW_cs_4_0">
      <Filter>HLSL OBJ VR</Filter>
    </None>
    <None Include="DVR_VOLUME_IND_RAYSUM_cs_4_0">
      <Filter>HLSL OBJ VR</Filter>
    </None>
    <None Include="DVR_BLOCK_IND_SHOW_cs_4_0">
      <Filter>HLSL OBJ VR</Filter>
    </None>
    <None Include="DVR_VOLUME_IND_CCF_SURFACEEFFECT_cs_4_0">
      <Filter>HLSL OBJ VR</Filter>
    </None>
    <None Include="DVR_VOLUME_IND_CLIPSEMIOPAQUE_cs_4_0">
      <Filter>HLSL OBJ VR</Filter>
    </None>
    <None Include="DVR_VOLUME_IND_DEFAULT_cs_4_0">
      <Filter>HLSL OBJ VR</Filter>
    </None>
    <None Include="DVR_VOLUME_IND_DEFAULT_SCULPTMASK_cs_4_0">
      <Filter>HLSL OBJ VR</Filter>
    </None>
    <None Include="DVR_VOLUME_IND_MODULATION_cs_4_0">
      <Filter>HLSL OBJ VR</Filter>
    </None>
    <None Include="DVR_VOLUME_IND_RAYMAX_cs_4_0">
      <Filter>HLSL OBJ VR</Filter>
    </None>
    <None Include="DVR_VOLUME_IND_RAYMIN_cs_4_0">
      <Filter>HLSL OBJ VR</Filter>
    </None>
    <None Include="DVR_VOLUME_IND_SHADOW_cs_4_0">
      <Filter>HLSL OBJ VR</Filter>
    </None>
    <None Include="DVR_VOLUME_IND_SURFACEEFFECT_cs_4_0">
      <Filter>HLSL OBJ VR</Filter>
    </None>
    <None Include="DVR_VOLUME_IND_SURFACEEFFECT_SHADOW_cs_4_0">
      <Filter>HLSL OBJ VR</Filter>
    </None>
    <None Include="DVR_VOLUME_MIX_CLIPSEMIOPAQUE_cs_4_0">
      <Filter>HLSL OBJ VR</Filter>
    </None>
    <None Include="DVR_VOLUME_MIX_DEFAULT_cs_4_0">
      <Filter>HLSL OBJ VR</Filter>
    </None>
    <None Include="DVR_VOLUME_MIX_DEFAULT_SCULPTMASK_cs_4_0">
      <Filter>HLSL OBJ VR</Filter>
    </None>
    <None Include="DVR_VOLUME_MIX_MODULATION_cs_4_0">
      <Filter>HLSL OBJ VR</Filter>
    </None>
    <None Include="DVR_VOLUME_MIX_SHADOW_cs_4_0">
      <Filter>HLSL OBJ VR</Filter>
    </None>
    <None Include="MERGE_SROUT_AND_LAYEROUT_TO_LAYEROUT_cs_4_0">
      <Filter>HLSL COMMON</Filter>
    </None>
    <None Include="MERGE_LAYEROUT_TO_RENDEROUT_cs_4_0">
      <Filter>HLSL COMMON</Filter>
    </None>
    <None Include="DVR_BRICK_GEN_SURFACE_SHADOW_cs_4_0">
      <Filter>HLSL OBJ VR</Filter>
    </None>
    <None Include="DVR_VOLUME_GEN_SURFACE_SHADOW_cs_4_0">
      <Filter>HLSL OBJ VR</Filter>
    </None>
    <None Include="SR_PROJ_PROXY_vs_4_0">
      <Filter>HLSL OBJ SR</Filter>
    </None>
    <None Include="PS_MERGE_LAYEROUT_TO_RENDEROUT_ps_4_0">
      <Filter>HLSL COMMON</Filter>
    </None>
    <None Include="PS_MERGE_SROUT_AND_LAYEROUT_TO_LAYEROUT_ps_4_0">
      <Filter>HLSL COMMON</Filter>
    </None>
    <None Include="DVR_VOLUME_MIX_SIMULTANEOUS_cs_4_0">
      <Filter>HLSL OBJ VR</Filter>
    </None>
    <None Include="DVR_VOLUME_IND_DEFAULT_HOMOGENEOUS_cs_4_0">
      <Filter>HLSL EXP</Filter>
    </None>
    <None Include="DVR_VOLUME_MIX_DEFAULT_HOMOGENEOUS_cs_4_0">
      <Filter>HLSL EXP</Filter>
    </None>
    <None Include="DVR_VOLUME_MIX_SIMULTANEOUS_THREE_cs_4_0">
      <Filter>HLSL EXP</Filter>
    </None>
    <None Include="SR_PHONG_GLOBALCOLOR_MAXSHADING_ps_4_0">
      <Filter>HLSL OBJ SR</Filter>
    </None>
    <None Include="PS_MERGE_SROUT_LOD2X_AND_LAYEROUT_TO_LAYEROUT_ps_4_0">
      <Filter>HLSL COMMON</Filter>
    </None>
    <None Include="DVR_VOLUME_IND_SURFACECURVATURE_cs_4_0">
      <Filter>HLSL OBJ VR</Filter>
    </None>
    <None Include="DVR_VOLUME_IND_MASK_RAYSUM_cs_4_0">
      <Filter>HLSL OBJ VR</Filter>
    </None>
    <None Include="DVR_VOLUME_IND_MASK_RAYMIN_cs_4_0">
      <Filter>HLSL OBJ VR</Filter>
    </None>
    <None Include="DVR_VOLUME_IND_MASK_RAYMAX_cs_4_0">
      <Filter>HLSL OBJ VR</Filter>
    </None>
    <None Include="DVR_VOLUME_GEN_MASK_SURFACE_SHADOW_cs_4_0">
      <Filter>HLSL OBJ VR</Filter>
    </None>
    <None Include="DVR_VOLUME_GEN_MASK_SHADOW_cs_4_0">
      <Filter>HLSL OBJ VR</Filter>
    </None>
    <None Include="DVR_VOLUME_IND_MASK_SURFACECURVATURE_cs_4_0">
      <Filter>HLSL OBJ VR</Filter>
    </None>
    <None Include="DVR_VOLUME_IND_MASK_SURFACEEFFECT_SHADOW_cs_4_0">
      <Filter>HLSL OBJ VR</Filter>
    </None>
    <None Include="DVR_VOLUME_IND_MASK_SURFACEEFFECT_cs_4_0">
      <Filter>HLSL OBJ VR</Filter>
    </None>
    <None Include="DVR_VOLUME_IND_MASK_SHADOW_cs_4_0">
      <Filter>HLSL OBJ VR</Filter>
    </None>
    <None Include="DVR_VOLUME_IND_MASK_MODULATION_cs_4_0">
      <Filter>HLSL OBJ VR</Filter>
    </None>
    <None Include="DVR_VOLUME_IND_MASK_CLIPSEMIOPAQUE_cs_4_0">
      <Filter>HLSL OBJ VR</Filter>
    </None>
    <None Include="DVR_VOLUME_IND_MASK_DEFAULT_cs_4_0">
      <Filter>HLSL OBJ VR</Filter>
    </None>
    <None Include="DVR_VOLUME_MIX_MASK_SHADOW_cs_4_0">
      <Filter>HLSL OBJ VR</Filter>
    </None>
    <None Include="DVR_VOLUME_MIX_MASK_MODULATION_cs_4_0">
      <Filter>HLSL OBJ VR</Filter>
    </None>
    <None Include="DVR_VOLUME_MIX_MASK_CLIPSEMIOPAQUE_cs_4_0">
      <Filter>HLSL OBJ VR</Filter>
    </None>
    <None Include="DVR_VOLUME_MIX_MASK_DEFAULT_cs_4_0">
      <Filter>HLSL OBJ VR</Filter>
    </None>
    <None Include="SR_IMAGESTACK_MAP_ps_4_0">
      <Filter>HLSL OBJ SR</Filter>
    </None>
    <None Include="SR_AIRWAYANALYSIS_ps_4_0">
      <Filter>HLSL OBJ SR</Filter>
    </None>
    <None Include="SR_PROJ_PNT_DEV_MVB_vs_4_0">
      <Filter>HLSL OBJ SR</Filter>
    </None>
    <None Include="SR_PROJ_PNT_MVB_vs_4_0">
      <Filter>HLSL OBJ SR</Filter>
    </None>
    <None Include="SR_PROJ_PT_MVB_vs_4_0">
      <Filter>HLSL OBJ SR</Filter>
    </None>
    <None Include="SR_PROJ_PN_MVB_vs_4_0">
      <Filter>HLSL OBJ SR</Filter>
    </None>
    <None Include="SR_PROJ_P_MVB_vs_4_0">
      <Filter>HLSL OBJ SR</Filter>
    </None>
    <None Include="SR_PHONG_GLOBALCOLOR_MARKERSONSURFACE_ps_4_0">
      <Filter>HLSL OBJ SR</Filter>
    </None>
    <None Include="SR_PHONG_GLOBALCOLOR_MAXSHADING_MARKERSONSURFACE_ps_4_0">
      <Filter>HLSL OBJ SR</Filter>
    </None>
    <None Include="DVR_VOLUME_IND_MASK_SURFACEEFFECT_MARKERSONSURFACE_SHADOW_cs_4_0">
      <Filter>HLSL OBJ VR</Filter>
    </None>
    <None Include="DVR_VOLUME_IND_MASK_SURFACEEFFECT_MARKERSONSURFACE_cs_4_0">
      <Filter>HLSL OBJ VR</Filter>
    </None>
    <None Include="DVR_VOLUME_IND_SURFACEEFFECT_SHADOW_MARKERSONSURFACE_cs_4_0">
      <Filter>HLSL OBJ VR</Filter>
    </None>
    <None Include="DVR_VOLUME_IND_SURFACEEFFECT_MARKERSONSURFACE_cs_4_0">
      <Filter>HLSL OBJ VR</Filter>
    </None>
    <None Include="SR_CMM_MULTI_TEXTS_ps_4_0">
      <Filter>HLSL OBJ SR</Filter>
    </None>
    <None Include="SR_PROJ_PTTT_vs_4_0">
      <Filter>HLSL OBJ SR</Filter>
    </None>
  </ItemGroup>
</Project>